
Microsoft Visual Studio Solution File, Format Version 12.00
# Visual Studio Version 16
VisualStudioVersion = 16.0.30907.101
MinimumVisualStudioVersion = 10.0.40219.1
Project("{FAE04EC0-301F-11D3-BF4B-00C04F79EFBC}") = "LVAPV07", "LVAPV07\LVAPV07.csproj", "{B87792E4-BEAE-4D4D-AD94-286382669B21}"
EndProject
Project("{FAE04EC0-301F-11D3-BF4B-00C04F79EFBC}") = "HSMA01", "HSMA01\HSMA01.csproj", "{9480EF2D-A8EC-4B04-A6EA-85100D7E5F84}"
EndProject
Global
	GlobalSection(SolutionConfigurationPlatforms) = preSolution
		Debug|Any CPU = Debug|Any CPU
		Release|Any CPU = Release|Any CPU
	EndGlobalSection
	GlobalSection(ProjectConfigurationPlatforms) = postSolution
		{B87792E4-BEAE-4D4D-AD94-286382669B21}.Debug|Any CPU.ActiveCfg = Debug|Any CPU
		{B87792E4-BEAE-4D4D-AD94-286382669B21}.Debug|Any CPU.Build.0 = Debug|Any CPU
		{B87792E4-BEAE-4D4D-AD94-286382669B21}.Release|Any CPU.ActiveCfg = Release|Any CPU
		{B87792E4-BEAE-4D4D-AD94-286382669B21}.Release|Any CPU.Build.0 = Release|Any CPU
		{9480EF2D-A8EC-4B04-A6EA-85100D7E5F84}.Debug|Any CPU.ActiveCfg = Debug|Any CPU
		{9480EF2D-A8EC-4B04-A6EA-85100D7E5F84}.Debug|Any CPU.Build.0 = Debug|Any CPU
		{9480EF2D-A8EC-4B04-A6EA-85100D7E5F84}.Release|Any CPU.ActiveCfg = Release|Any CPU
		{9480EF2D-A8EC-4B04-A6EA-85100D7E5F84}.Release|Any CPU.Build.0 = Release|Any CPU
	EndGlobalSection
	GlobalSection(SolutionProperties) = preSolution
		HideSolutionNode = FALSE
	EndGlobalSection
	GlobalSection(ExtensibilityGlobals) = postSolution
		SolutionGuid = {11F8D536-A03E-4EC9-915B-A42DFCD40A65}
	EndGlobalSection
EndGlobal
